
Microsoft Visual Studio Solution File, Format Version 12.00
# Visual Studio Version 17
VisualStudioVersion = 17.12.35707.178
MinimumVisualStudioVersion = 10.0.40219.1
Project("{2150E333-8FDC-42A3-9474-1A3956D46DE8}") = "Domein", "Domein", "{8292A681-DCCC-4383-9530-AB542EFA2D14}"
EndProject
Project("{FAE04EC0-301F-11D3-BF4B-00C04F79EFBC}") = "SGRH.Domein", "SGRH.Domein\SGRH.Domein.csproj", "{72F29C48-F1BA-4B57-9148-94B023FC68CF}"
EndProject
Project("{2150E333-8FDC-42A3-9474-1A3956D46DE8}") = "Infraestructure", "Infraestructure", "{B2262B0A-2050-4F9A-B4F4-2D83ABAFF45D}"
EndProject
Project("{FAE04EC0-301F-11D3-BF4B-00C04F79EFBC}") = "SGRH.Percistence", "SGRH.Percistence\SGRH.Percistence.csproj", "{C8A07C22-7675-4FC8-8ACE-FC2A8CE32680}"
EndProject
Project("{2150E333-8FDC-42A3-9474-1A3956D46DE8}") = "Application", "Application", "{569C5373-1DC4-4383-B9B7-AEA0B254C2A8}"
EndProject
Project("{FAE04EC0-301F-11D3-BF4B-00C04F79EFBC}") = "SGRH.Application", "SGRH.Application\SGRH.Application.csproj", "{007701DA-C2CD-479B-9368-C15CA4D3DC16}"
EndProject
Project("{2150E333-8FDC-42A3-9474-1A3956D46DE8}") = "Core", "Core", "{BCB20A77-AF8F-4CF4-8CA5-07DC1F4025E9}"
EndProject
Project("{2150E333-8FDC-42A3-9474-1A3956D46DE8}") = "Api", "Api", "{F5446C8A-B36E-4D92-8956-1D74A587767A}"
EndProject
Project("{FAE04EC0-301F-11D3-BF4B-00C04F79EFBC}") = "SGRH.Api", "SGRH.Api\SGRH.Api.csproj", "{26645E7F-3BA7-4801-9960-E4BEDA52BAE6}"
EndProject
Global
	GlobalSection(SolutionConfigurationPlatforms) = preSolution
		Debug|Any CPU = Debug|Any CPU
		Release|Any CPU = Release|Any CPU
	EndGlobalSection
	GlobalSection(ProjectConfigurationPlatforms) = postSolution
		{72F29C48-F1BA-4B57-9148-94B023FC68CF}.Debug|Any CPU.ActiveCfg = Debug|Any CPU
		{72F29C48-F1BA-4B57-9148-94B023FC68CF}.Debug|Any CPU.Build.0 = Debug|Any CPU
		{72F29C48-F1BA-4B57-9148-94B023FC68CF}.Release|Any CPU.ActiveCfg = Release|Any CPU
		{72F29C48-F1BA-4B57-9148-94B023FC68CF}.Release|Any CPU.Build.0 = Release|Any CPU
		{C8A07C22-7675-4FC8-8ACE-FC2A8CE32680}.Debug|Any CPU.ActiveCfg = Debug|Any CPU
		{C8A07C22-7675-4FC8-8ACE-FC2A8CE32680}.Debug|Any CPU.Build.0 = Debug|Any CPU
		{C8A07C22-7675-4FC8-8ACE-FC2A8CE32680}.Release|Any CPU.ActiveCfg = Release|Any CPU
		{C8A07C22-7675-4FC8-8ACE-FC2A8CE32680}.Release|Any CPU.Build.0 = Release|Any CPU
		{007701DA-C2CD-479B-9368-C15CA4D3DC16}.Debug|Any CPU.ActiveCfg = Debug|Any CPU
		{007701DA-C2CD-479B-9368-C15CA4D3DC16}.Debug|Any CPU.Build.0 = Debug|Any CPU
		{007701DA-C2CD-479B-9368-C15CA4D3DC16}.Release|Any CPU.ActiveCfg = Release|Any CPU
		{007701DA-C2CD-479B-9368-C15CA4D3DC16}.Release|Any CPU.Build.0 = Release|Any CPU
		{26645E7F-3BA7-4801-9960-E4BEDA52BAE6}.Debug|Any CPU.ActiveCfg = Debug|Any CPU
		{26645E7F-3BA7-4801-9960-E4BEDA52BAE6}.Debug|Any CPU.Build.0 = Debug|Any CPU
		{26645E7F-3BA7-4801-9960-E4BEDA52BAE6}.Release|Any CPU.ActiveCfg = Release|Any CPU
		{26645E7F-3BA7-4801-9960-E4BEDA52BAE6}.Release|Any CPU.Build.0 = Release|Any CPU
	EndGlobalSection
	GlobalSection(SolutionProperties) = preSolution
		HideSolutionNode = FALSE
	EndGlobalSection
	GlobalSection(NestedProjects) = preSolution
		{8292A681-DCCC-4383-9530-AB542EFA2D14} = {BCB20A77-AF8F-4CF4-8CA5-07DC1F4025E9}
		{72F29C48-F1BA-4B57-9148-94B023FC68CF} = {8292A681-DCCC-4383-9530-AB542EFA2D14}
		{C8A07C22-7675-4FC8-8ACE-FC2A8CE32680} = {B2262B0A-2050-4F9A-B4F4-2D83ABAFF45D}
		{569C5373-1DC4-4383-B9B7-AEA0B254C2A8} = {BCB20A77-AF8F-4CF4-8CA5-07DC1F4025E9}
		{007701DA-C2CD-479B-9368-C15CA4D3DC16} = {569C5373-1DC4-4383-B9B7-AEA0B254C2A8}
		{26645E7F-3BA7-4801-9960-E4BEDA52BAE6} = {F5446C8A-B36E-4D92-8956-1D74A587767A}
	EndGlobalSection
EndGlobal
